version = 1
revision = 3
requires-python = ">=3.11"

[[package]]
name = "anyio"
version = "4.11.0"
source = { registry = "https://pypi.org/simple" }
dependencies = [
    { name = "idna" },
    { name = "sniffio" },
    { name = "typing-extensions", marker = "python_full_version < '3.13'" },
]
sdist = { url = "https://files.pythonhosted.org/packages/c6/78/7d432127c41b50bccba979505f272c16cbcadcc33645d5fa3a738110ae75/anyio-4.11.0.tar.gz", hash = "sha256:82a8d0b81e318cc5ce71a5f1f8b5c4e63619620b63141ef8c995fa0db95a57c4", size = 219094, upload-time = "2025-09-23T09:19:12.58Z" }
wheels = [
    { url = "https://files.pythonhosted.org/packages/15/b3/9b1a8074496371342ec1e796a96f99c82c945a339cd81a8e73de28b4cf9e/anyio-4.11.0-py3-none-any.whl", hash = "sha256:0287e96f4d26d4149305414d4e3bc32f0dcd0862365a4bddea19d7a1ec38c4fc", size = 109097, upload-time = "2025-09-23T09:19:10.601Z" },
]

[[package]]
name = "certifi"
version = "2025.11.12"
source = { registry = "https://pypi.org/simple" }
sdist = { url = "https://files.pythonhosted.org/packages/a2/8c/58f469717fa48465e4a50c014a0400602d3c437d7c0c468e17ada824da3a/certifi-2025.11.12.tar.gz", hash = "sha256:d8ab5478f2ecd78af242878415affce761ca6bc54a22a27e026d7c25357c3316", size = 160538, upload-time = "2025-11-12T02:54:51.517Z" }
wheels = [
    { url = "https://files.pythonhosted.org/packages/70/7d/9bc192684cea499815ff478dfcdc13835ddf401365057044fb721ec6bddb/certifi-2025.11.12-py3-none-any.whl", hash = "sha256:97de8790030bbd5c2d96b7ec782fc2f7820ef8dba6db909ccf95449f2d062d4b", size = 159438, upload-time = "2025-11-12T02:54:49.735Z" },
]

[[package]]
name = "flet"
version = "0.28.2"
source = { registry = "https://pypi.org/simple" }
dependencies = [
    { name = "httpx", marker = "platform_system != 'Pyodide'" },
    { name = "oauthlib", marker = "platform_system != 'Pyodide'" },
    { name = "repath" },
]
wheels = [
    { url = "https://files.pythonhosted.org/packages/37/ae/a05260d6f32929d14183347cca9fb6d642d4a08de7015e0afb1b674a931e/flet-0.28.2-py3-none-any.whl", hash = "sha256:599ae936863510e427b03ccc7f84d57eda712080d95e72e2086a2fa8ec5e6661", size = 462918, upload-time = "2025-05-10T22:02:07.584Z" },
]

[[package]]
name = "flet-desktop"
version = "0.28.2"
source = { registry = "https://pypi.org/simple" }
dependencies = [
    { name = "flet" },
]
sdist = { url = "https://files.pythonhosted.org/packages/a0/75/fdfac4c1b41729fa5a4fc89d174a6102c9f8ec65cb58d715908b53a4bf0d/flet_desktop-0.28.2.tar.gz", hash = "sha256:3938485525dba5f1e96f530ba8266a9dab5fd468f6c11616aea1a5676b72efd3", size = 39873128, upload-time = "2025-05-10T21:59:28.156Z" }
wheels = [
    { url = "https://files.pythonhosted.org/packages/be/4a/50b6807e769cf5678d9cf8e5078ed7a0c6373a0afb83dc3b493bf7cace20/flet_desktop-0.28.2-py3-none-macosx_10_14_x86_64.whl", hash = "sha256:318f913b35e52ae5ee038076c2e58bac7e14ff536ec2c126cf446fe4b830dbd0", size = 47042419, upload-time = "2025-05-10T22:00:03.707Z" },
    { url = "https://files.pythonhosted.org/packages/71/9e/bcab7c113f06f767b6f37ea2f494760f6e4afd72141c4fda223aa68a3aff/flet_desktop-0.28.2-py3-none-macosx_12_0_arm64.whl", hash = "sha256:ee9c9238ca4b3a251b3ade1b407c36eb5f800e5fb025c044f40441729d3f3037", size = 47042418, upload-time = "2025-05-10T22:00:07.744Z" },
    { url = "https://files.pythonhosted.org/packages/fe/6b/a18b7eb454c95299d24e9637086b3cf08d542ccde508fd6add51bb96a95b/flet_desktop-0.28.2-py3-none-manylinux2014_aarch64.manylinux_2_17_aarch64.whl", hash = "sha256:93ab4e074dba6eae9eee265089c838f102cf35eb86b99c4725cfdae42c89adfb", size = 15423992, upload-time = "2025-05-10T21:56:37.252Z" },
    { url = "https://files.pythonhosted.org/packages/03/81/b8e7986227a5c57125778af7cb08f9983758f85d2beb8467328d3bc52460/flet_desktop-0.28.2-py3-none-manylinux2014_x86_64.manylinux_2_17_x86_64.whl", hash = "sha256:fd0a5e37138fad602e5b698fea7ac5ad8fab8e3c428abb4198553190a6fd12cd", size = 16036520, upload-time = "2025-05-10T21:56:33.693Z" },
    { url = "https://files.pythonhosted.org/packages/bc/b5/ad7f401d248eaa3ca6ed96a583073aaaa55a33b10b25eab075448cc16e2f/flet_desktop-0.28.2-py3-none-musllinux_1_2_aarch64.whl", hash = "sha256:b207771fe3bab9c6c5a1845aadc87b0e643606ade331a550f30ecc389c4471ce", size = 15423983, upload-time = "2025-05-10T21:56:43.691Z" },
    { url = "https://files.pythonhosted.org/packages/55/62/23aa768a80f24afbe65a25d38674c97d0b32ebf0a2d5c414168913286740/flet_desktop-0.28.2-py3-none-musllinux_1_2_x86_64.whl", hash = "sha256:90fa4d25cf2b72da75ec0080528af08d3ce87dc4fd65449ae967a24180a86ce3", size = 16036509, upload-time = "2025-05-10T21:56:36.921Z" },
    { url = "https://files.pythonhosted.org/packages/bd/6b/eb17d69c66e9485cbce9a157e9cea3c3437c3ba4bdcdc2672e2c03b03bfd/flet_desktop-0.28.2-py3-none-win32.whl", hash = "sha256:ba28150e75b0c918d72588dc8f7ddc84859aa2fc9aaf01b35ced3c817f37de8d", size = 40262939, upload-time = "2025-05-10T21:59:19.407Z" },
    { url = "https://files.pythonhosted.org/packages/65/d2/0688bae2674505581633727e2e992d59ed6b9fd660024801b505048d0a65/flet_desktop-0.28.2-py3-none-win_amd64.whl", hash = "sha256:5d1819b24b05eb9c2ea2f3cc00bcb1c664ab8846fc0cbdf23f2eea1338a67f64", size = 40262945, upload-time = "2025-05-10T21:59:24.364Z" },
]

[[package]]
name = "h11"
version = "0.16.0"
source = { registry = "https://pypi.org/simple" }
sdist = { url = "https://files.pythonhosted.org/packages/01/ee/02a2c011bdab74c6fb3c75474d40b3052059d95df7e73351460c8588d963/h11-0.16.0.tar.gz", hash = "sha256:4e35b956cf45792e4caa5885e69fba00bdbc6ffafbfa020300e549b208ee5ff1", size = 101250, upload-time = "2025-04-24T03:35:25.427Z" }
wheels = [
    { url = "https://files.pythonhosted.org/packages/04/4b/29cac41a4d98d144bf5f6d33995617b185d14b22401f75ca86f384e87ff1/h11-0.16.0-py3-none-any.whl", hash = "sha256:63cf8bbe7522de3bf65932fda1d9c2772064ffb3dae62d55932da54b31cb6c86", size = 37515, upload-time = "2025-04-24T03:35:24.344Z" },
]

[[package]]
name = "httpcore"
version = "1.0.9"
source = { registry = "https://pypi.org/simple" }
dependencies = [
    { name = "certifi" },
    { name = "h11" },
]
sdist = { url = "https://files.pythonhosted.org/packages/06/94/82699a10bca87a5556c9c59b5963f2d039dbd239f25bc2a63907a05a14cb/httpcore-1.0.9.tar.gz", hash = "sha256:6e34463af53fd2ab5d807f399a9b45ea31c3dfa2276f15a2c3f00afff6e176e8", size = 85484, upload-time = "2025-04-24T22:06:22.219Z" }
wheels = [
    { url = "https://files.pythonhosted.org/packages/7e/f5/f66802a942d491edb555dd61e3a9961140fd64c90bce1eafd741609d334d/httpcore-1.0.9-py3-none-any.whl", hash = "sha256:2d400746a40668fc9dec9810239072b40b4484b640a8c38fd654a024c7a1bf55", size = 78784, upload-time = "2025-04-24T22:06:20.566Z" },
]

[[package]]
name = "httpx"
version = "0.28.1"
source = { registry = "https://pypi.org/simple" }
dependencies = [
    { name = "anyio" },
    { name = "certifi" },
    { name = "httpcore" },
    { name = "idna" },
]
sdist = { url = "https://files.pythonhosted.org/packages/b1/df/48c586a5fe32a0f01324ee087459e112ebb7224f646c0b5023f5e79e9956/httpx-0.28.1.tar.gz", hash = "sha256:75e98c5f16b0f35b567856f597f06ff2270a374470a5c2392242528e3e3e42fc", size = 141406, upload-time = "2024-12-06T15:37:23.222Z" }
wheels = [
    { url = "https://files.pythonhosted.org/packages/2a/39/e50c7c3a983047577ee07d2a9e53faf5a69493943ec3f6a384bdc792deb2/httpx-0.28.1-py3-none-any.whl", hash = "sha256:d909fcccc110f8c7faf814ca82a9a4d816bc5a6dbfea25d6591d6985b8ba59ad", size = 73517, upload-time = "2024-12-06T15:37:21.509Z" },
]

[[package]]
name = "idna"
version = "3.11"
source = { registry = "https://pypi.org/simple" }
sdist = { url = "https://files.pythonhosted.org/packages/6f/6d/0703ccc57f3a7233505399edb88de3cbd678da106337b9fcde432b65ed60/idna-3.11.tar.gz", hash = "sha256:795dafcc9c04ed0c1fb032c2aa73654d8e8c5023a7df64a53f39190ada629902", size = 194582, upload-time = "2025-10-12T14:55:20.501Z" }
wheels = [
    { url = "https://files.pythonhosted.org/packages/0e/61/66938bbb5fc52dbdf84594873d5b51fb1f7c7794e9c0f5bd885f30bc507b/idna-3.11-py3-none-any.whl", hash = "sha256:771a87f49d9defaf64091e6e6fe9c18d4833f140bd19464795bc32d966ca37ea", size = 71008, upload-time = "2025-10-12T14:55:18.883Z" },
]

[[package]]
name = "oauthlib"
version = "3.3.1"
source = { registry = "https://pypi.org/simple" }
sdist = { url = "https://files.pythonhosted.org/packages/0b/5f/19930f824ffeb0ad4372da4812c50edbd1434f678c90c2733e1188edfc63/oauthlib-3.3.1.tar.gz", hash = "sha256:0f0f8aa759826a193cf66c12ea1af1637f87b9b4622d46e866952bb022e538c9", size = 185918, upload-time = "2025-06-19T22:48:08.269Z" }
wheels = [
    { url = "https://files.pythonhosted.org/packages/be/9c/92789c596b8df838baa98fa71844d84283302f7604ed565dafe5a6b5041a/oauthlib-3.3.1-py3-none-any.whl", hash = "sha256:88119c938d2b8fb88561af5f6ee0eec8cc8d552b7bb1f712743136eb7523b7a1", size = 160065, upload-time = "2025-06-19T22:48:06.508Z" },
]

[[package]]
name = "repath"
version = "0.9.0"
source = { registry = "https://pypi.org/simple" }
dependencies = [
    { name = "six" },
]
sdist = { url = "https://files.pythonhosted.org/packages/65/e1/824989291d0f01886074fdf9504ba54598f5665bc4dd373b589b87e76608/repath-0.9.0.tar.gz", hash = "sha256:8292139bac6a0e43fd9d70605d4e8daeb25d46672e484ed31a24c7ce0aef0fb7", size = 5492, upload-time = "2019-10-08T00:25:22.3Z" }
wheels = [
    { url = "https://files.pythonhosted.org/packages/87/ed/92e9b8a3ffc562f21df14ef2538f54e911df29730e1f0d79130a4edc86e7/repath-0.9.0-py3-none-any.whl", hash = "sha256:ee079d6c91faeb843274d22d8f786094ee01316ecfe293a1eb6546312bb6a318", size = 4738, upload-time = "2019-10-08T00:25:20.842Z" },
]

[[package]]
name = "reversi"
version = "0.1.0"
source = { virtual = "." }
dependencies = [
    { name = "flet" },
    { name = "flet-desktop" },
    { name = "rust-reversi" },
]

[package.metadata]
requires-dist = [
    { name = "flet", specifier = "==0.28.2" },
    { name = "flet-desktop", specifier = "==0.28.2" },
    { name = "rust-reversi" },
]

[[package]]
name = "rust-reversi"
version = "1.4.4"
source = { registry = "https://pypi.org/simple" }
sdist = { url = "https://files.pythonhosted.org/packages/63/d8/b48ee8740c1d6776905d494b63613e1833a39654907707f8cea7b581d176/rust_reversi-1.4.4.tar.gz", hash = "sha256:44c1c8e0f825bf4dbb861feb092b8b4ae0c75e72d8e475f2a5fa43473420604c", size = 45016, upload-time = "2025-02-02T10:05:00.216Z" }
wheels = [
    { url = "https://files.pythonhosted.org/packages/14/f3/a09782eef9695df2b9b6e7ce57103dd45dc6f392c9959774c61fdc5c3a77/rust_reversi-1.4.4-cp311-cp311-macosx_10_12_x86_64.whl", hash = "sha256:58db47559aee4872e9ef29506e9ae35f9f366e328cf2fad2cedc23596d155837", size = 549831, upload-time = "2025-02-02T10:03:37.581Z" },
    { url = "https://files.pythonhosted.org/packages/5b/a0/78eee7fd895e045683b0b5ef3fa9eb65143602016396a3de4dc8aadfa933/rust_reversi-1.4.4-cp311-cp311-macosx_11_0_arm64.whl", hash = "sha256:22d65c6c61a4ce5d934dc8d605f1d83f334985a9725575b74eb8335409c9a803", size = 527507, upload-time = "2025-02-02T10:03:30.882Z" },
    { url = "https://files.pythonhosted.org/packages/ee/5a/bacdda5829e10ca6060f1e9330fddda6374f78739e27f10b04b9cf64bc27/rust_reversi-1.4.4-cp311-cp311-manylinux_2_17_aarch64.manylinux2014_aarch64.whl", hash = "sha256:6dfec6371ab0b3c4f9757eb38a50dc190cb9fab6ce89e4446570ab5aec2db0fc", size = 578926, upload-time = "2025-02-02T10:01:49.415Z" },
    { url = "https://files.pythonhosted.org/packages/19/2e/bf5621a19e1e29f76e2357b4d12ba37b19421a959888e8e28afab9b913ad/rust_reversi-1.4.4-cp311-cp311-manylinux_2_17_armv7l.manylinux2014_armv7l.whl", hash = "sha256:a39e3c42060139a23b0ffbe843431490644f25344fd762bcdc0b973ea5104fb5", size = 602438, upload-time = "2025-02-02T10:02:09.904Z" },
    { url = "https://files.pythonhosted.org/packages/49/70/16ba5b2f24f32d6a71a76368afdb263b9e3d98c367c25b6e96cd21db5ffc/rust_reversi-1.4.4-cp311-cp311-manylinux_2_17_i686.manylinux2014_i686.whl", hash = "sha256:0d5407b2c6993fb262107d7d74080366d7abadc891c02f95e75d63e10a004999", size = 634250, upload-time = "2025-02-02T10:03:05.389Z" },
    { url = "https://files.pythonhosted.org/packages/bc/af/1f44ae3809666ce355ea03ce1db4b806a36c53fbce147fde9e8d48285fbb/rust_reversi-1.4.4-cp311-cp311-manylinux_2_17_ppc64le.manylinux2014_ppc64le.whl", hash = "sha256:9b8d04db659f1e540ee30b64f61ea08194bd295ab580abe4aba736119967ef73", size = 652213, upload-time = "2025-02-02T10:02:28.192Z" },
    { url = "https://files.pythonhosted.org/packages/94/d1/37b784175bd5d1fec1b33e1b491febbb00bdd19af34fe470e835a6e4af68/rust_reversi-1.4.4-cp311-cp311-manylinux_2_17_s390x.manylinux2014_s390x.whl", hash = "sha256:f9c4e5b6acc384f8478825fd14f26fd2a8bf1494a74811e5eade34bbfed04ea3", size = 668417, upload-time = "2025-02-02T10:02:45.359Z" },
    { url = "https://files.pythonhosted.org/packages/af/d7/0747972ef251ca7e0d8d61b6c5c39b00de4c1b9feb6c46c911a2a09735c6/rust_reversi-1.4.4-cp311-cp311-manylinux_2_17_x86_64.manylinux2014_x86_64.whl", hash = "sha256:3817849e870988c6ce4202a11e3ed32e244e3299681bb14884ecf63171de3df4", size = 590563, upload-time = "2025-02-02T10:03:19.832Z" },
    { url = "https://files.pythonhosted.org/packages/d7/c9/6904b1e221ef8900b22cb6ae70614c47b6c2171e410199b658695e12f1c9/rust_reversi-1.4.4-cp311-cp311-musllinux_1_2_aarch64.whl", hash = "sha256:77c3c3ca62190d01a4230e079637a49a3264885506d1fd6ee0629bb760d489f3", size = 745150, upload-time = "2025-02-02T10:03:46.086Z" },
    { url = "https://files.pythonhosted.org/packages/f8/1e/80f69421dd37ae621fd2157351205b49a7cfd8b93e5f1e3d729deb978e7c/rust_reversi-1.4.4-cp311-cp311-musllinux_1_2_armv7l.whl", hash = "sha256:9eb7686f9429f2e99a0f08160d6ce61a29a05f8cc8129352966f3ffc34ec569c", size = 850238, upload-time = "2025-02-02T10:04:05.596Z" },
    { url = "https://files.pythonhosted.org/packages/bc/68/a9c7ea284668ba55eca2a94e55ce4fdf85710cb0f7d71c22203be8d627e5/rust_reversi-1.4.4-cp311-cp311-musllinux_1_2_i686.whl", hash = "sha256:4cb967bcdd6c7d1eefc608ea7d749dff4fdac7fab36f9376eb82f3338a8d2749", size = 782457, upload-time = "2025-02-02T10:04:24.947Z" },
    { url = "https://files.pythonhosted.org/packages/4a/7c/66f992525bf0fbe0bfd128fb3f7e41d388439d0de3c80fe0902fd733fe74/rust_reversi-1.4.4-cp311-cp311-musllinux_1_2_x86_64.whl", hash = "sha256:bfa8162953a44000388e42d151c480cbb2f5cb0ab547ae825f2c1e0e0d0b3881", size = 748055, upload-time = "2025-02-02T10:04:43.664Z" },
    { url = "https://files.pythonhosted.org/packages/39/f0/ea8a24f8678aae93fa94789cba63df944932f4e0679aed7ceef6c44e4e49/rust_reversi-1.4.4-cp311-cp311-win32.whl", hash = "sha256:8d6f87a895ab8b2df029a235fe4bc91b7fb7e35190ac7f5bf3adc849aaa3fb94", size = 401531, upload-time = "2025-02-02T10:05:17.173Z" },
    { url = "https://files.pythonhosted.org/packages/f1/16/63a4aff0a53e8ac524466a0c3bf4facd820f1fe76655cec7340647d6159f/rust_reversi-1.4.4-cp311-cp311-win_amd64.whl", hash = "sha256:07d550d77a0a6fd9a35bfd055a1f41642c8c974e0cd41f380c121550984d2e67", size = 424864, upload-time = "2025-02-02T10:05:04.029Z" },
    { url = "https://files.pythonhosted.org/packages/2e/cf/b46e310c5cfde09c7ac3bfd96a52da13d35d82a89bfb89f7ede32e86f211/rust_reversi-1.4.4-cp312-cp312-macosx_10_12_x86_64.whl", hash = "sha256:3ddc2bab28a8ecb6534b9c1534e299467c69721489e6e6524b03ffaf62a3e9bb", size = 544774, upload-time = "2025-02-02T10:03:39.124Z" },
    { url = "https://files.pythonhosted.org/packages/6f/d3/f4e9dfd5d45b8b4549914fd3a18ffbca5bc2950a1cc52b59ed12eaced9cf/rust_reversi-1.4.4-cp312-cp312-macosx_11_0_arm64.whl", hash = "sha256:4434aae7f213ad5f855835bab299cb27ba10531548e121ffdb34518dfb2cebc5", size = 525623, upload-time = "2025-02-02T10:03:33.118Z" },
    { url = "https://files.pythonhosted.org/packages/b7/56/7b4ca63e357a769821779a4b2360f8053431f8f7ec4098f91f2b5348d6be/rust_reversi-1.4.4-cp312-cp312-manylinux_2_17_aarch64.manylinux2014_aarch64.whl", hash = "sha256:95025bc85e140a988f1b4b02994c2e3c7d79b27c73c258547c93883db9b3760b", size = 578284, upload-time = "2025-02-02T10:01:51.353Z" },
    { url = "https://files.pythonhosted.org/packages/26/0a/133760c513727ea044070a19c4f93ae08033795ca20f24b4fecfb2edd2ac/rust_reversi-1.4.4-cp312-cp312-manylinux_2_17_armv7l.manylinux2014_armv7l.whl", hash = "sha256:fb21e9ae6a7bee2d9129dd261d1429f64e8e3903b3b8d203c53c1369adbd30eb", size = 603715, upload-time = "2025-02-02T10:02:12.224Z" },
    { url = "https://files.pythonhosted.org/packages/8b/12/00f04146ac7c703b6f636eaf6b8f43d4a39619453cc040fc1404b72bf361/rust_reversi-1.4.4-cp312-cp312-manylinux_2_17_i686.manylinux2014_i686.whl", hash = "sha256:ffabfd85869e5090eacbff66ccd729291e778cc3b783a7624564dd592ad4a77e", size = 633324, upload-time = "2025-02-02T10:03:07.281Z" },
    { url = "https://files.pythonhosted.org/packages/f7/eb/fab32ad5044fe66bc3272b9a0bbc13fef88719895c55002a169499dfea69/rust_reversi-1.4.4-cp312-cp312-manylinux_2_17_ppc64le.manylinux2014_ppc64le.whl", hash = "sha256:7dfbe06fd6bf2cfce26ce3cfdb38f9d9b83aee13a0ca7dd96bf6cfc8b6f511cc", size = 650641, upload-time = "2025-02-02T10:02:29.76Z" },
    { url = "https://files.pythonhosted.org/packages/c4/c4/ac06b7763d063acb9c3b97ac8a5a4c9a9670a15d4d553230f45b63f51f78/rust_reversi-1.4.4-cp312-cp312-manylinux_2_17_s390x.manylinux2014_s390x.whl", hash = "sha256:06752fa5c99881824e227e204372b53aa5c8a23bc8725e4a0587f8b0018d70ca", size = 666023, upload-time = "2025-02-02T10:02:47.931Z" },
    { url = "https://files.pythonhosted.org/packages/59/24/01f2211b7ee172cca7eebf9af77efab1a769d013c7c287a16cf57831c0b5/rust_reversi-1.4.4-cp312-cp312-manylinux_2_17_x86_64.manylinux2014_x86_64.whl", hash = "sha256:e6cdf398a22caeb89fa0096a6f7c0dfb1a43cfd63e441d55c6d142500cb167a3", size = 590028, upload-time = "2025-02-02T10:03:21.686Z" },
    { url = "https://files.pythonhosted.org/packages/78/4a/001d64c5cd7dbcd846206aeccc7a27a20f6c5993b6e92b5044a07544b5f7/rust_reversi-1.4.4-cp312-cp312-musllinux_1_2_aarch64.whl", hash = "sha256:126adaed9f23744cf811e866d9742ae315a393bd2033661fa6251b0b52c5a668", size = 744773, upload-time = "2025-02-02T10:03:48.378Z" },
    { url = "https://files.pythonhosted.org/packages/be/61/3ead441b22ffa8b0d52a1c23f9bbb05de5089a906aa3bc21d2e1cc8e5b56/rust_reversi-1.4.4-cp312-cp312-musllinux_1_2_armv7l.whl", hash = "sha256:d11a6d4dcde8050c1fc9acb64817c922e3c66a2132868cc0ef0562b8e6d4ca22", size = 850456, upload-time = "2025-02-02T10:04:07.364Z" },
    { url = "https://files.pythonhosted.org/packages/27/b0/2ad2c70699e5e005c2ca174605dedc2c159da0a77f6f3a3f8df6e546733d/rust_reversi-1.4.4-cp312-cp312-musllinux_1_2_i686.whl", hash = "sha256:fbfac6e275b28b34858bece19f8275ffbd15d7a87e3ed3c3ef22fa4e0cc350ef", size = 780819, upload-time = "2025-02-02T10:04:26.789Z" },
    { url = "https://files.pythonhosted.org/packages/96/0c/7042dc2ced5f75cfd1d37454c3d3d7ce01470e0a1450d7cf029d10a1a204/rust_reversi-1.4.4-cp312-cp312-musllinux_1_2_x86_64.whl", hash = "sha256:793990c6ab0ecf13e7f667889f321fc42d5c4ba8cb897e7aea468023163a5722", size = 747592, upload-time = "2025-02-02T10:04:46.049Z" },
    { url = "https://files.pythonhosted.org/packages/b4/06/ec91f9f0b5cd72f5fe2340cc40376db15c1f9219f1843300ac162f480890/rust_reversi-1.4.4-cp312-cp312-win32.whl", hash = "sha256:4468d19088ee01f67e5e216318608500859128ed2c3bb4e74d188b36a6c27cd1", size = 401246, upload-time = "2025-02-02T10:05:19.587Z" },
    { url = "https://files.pythonhosted.org/packages/dd/7a/a1317659d39c9f9417927a58dfbbfcd7cd76de54426c8e1c59079f843eef/rust_reversi-1.4.4-cp312-cp312-win_amd64.whl", hash = "sha256:d647febfa08728edb3a0aa66af1c58e1af8cc32969411fe374d187769cf3d32a", size = 424559, upload-time = "2025-02-02T10:05:05.876Z" },
    { url = "https://files.pythonhosted.org/packages/66/14/581974f9a183b096b71f5808ab9165ca4469e5e53c8d55ba9c89178d60a0/rust_reversi-1.4.4-cp313-cp313-macosx_10_12_x86_64.whl", hash = "sha256:c3ee6ddede36072dd72615c496b049ade2efed973d31b335e4294693c53202b4", size = 544987, upload-time = "2025-02-02T10:03:41.111Z" },
    { url = "https://files.pythonhosted.org/packages/12/a3/26ac8fb22adba0fde96de250f8c18a9b178a72f2e435bbfe724d5278a0d2/rust_reversi-1.4.4-cp313-cp313-macosx_11_0_arm64.whl", hash = "sha256:3f3c293f3dd5fed4a84c382de79178bde92831e3350ed3650e6e0550d2283cd1", size = 525537, upload-time = "2025-02-02T10:03:35.506Z" },
    { url = "https://files.pythonhosted.org/packages/c2/56/9efbf2075dc27678cdc256e169d6c7e2c26b54cfd8869bac2a937924061c/rust_reversi-1.4.4-cp313-cp313-manylinux_2_17_aarch64.manylinux2014_aarch64.whl", hash = "sha256:88af4525fd2a2a881812733a511b7564897222760af7de27b188569decb98991", size = 578419, upload-time = "2025-02-02T10:01:53.581Z" },
    { url = "https://files.pythonhosted.org/packages/c6/e3/8e54b6817d56658b0bc0f83fcb6449f2de7b85b4e57d46f4ad477011250e/rust_reversi-1.4.4-cp313-cp313-manylinux_2_17_armv7l.manylinux2014_armv7l.whl", hash = "sha256:0606f3a882d82198ee80a9c30bc7a024bc270802ca94c7f846dbef7bced69293", size = 602722, upload-time = "2025-02-02T10:02:14.848Z" },
    { url = "https://files.pythonhosted.org/packages/3e/23/35e9ca5accf6550d736b2e17be3c893fff96c02adf97f5f97ffdbae50521/rust_reversi-1.4.4-cp313-cp313-manylinux_2_17_i686.manylinux2014_i686.whl", hash = "sha256:e5b500c3f0bf120da65be55751d690125201ab1b7a0f2905299c3a007e2d8043", size = 632411, upload-time = "2025-02-02T10:03:09.188Z" },
    { url = "https://files.pythonhosted.org/packages/ff/b7/d4d40fa11b9c429a7e3d51440271959d0ae796f4b5e24234139e369e39b8/rust_reversi-1.4.4-cp313-cp313-manylinux_2_17_ppc64le.manylinux2014_ppc64le.whl", hash = "sha256:9348f9bd9a767e4472357752b7c032106f61456d20be5e550be880898ab34d4e", size = 650777, upload-time = "2025-02-02T10:02:31.459Z" },
    { url = "https://files.pythonhosted.org/packages/70/b4/6374c508695b8b882fb4666d8526fbdaa5219497f8b9f49ba1380d4be0bd/rust_reversi-1.4.4-cp313-cp313-manylinux_2_17_s390x.manylinux2014_s390x.whl", hash = "sha256:f77c66b3a98b18f7b41772adbac21e3e9cdce24f2373e09e1b5b37f8bc4bc2c1", size = 665566, upload-time = "2025-02-02T10:02:50.49Z" },
    { url = "https://files.pythonhosted.org/packages/42/92/6b2c47732745e8c29fcb2cd79c5d8990e02fcbf6383da4f4984f76ac88b6/rust_reversi-1.4.4-cp313-cp313-manylinux_2_17_x86_64.manylinux2014_x86_64.whl", hash = "sha256:f6fa7845835dd6e5d97258448a03cf0cc7a5a1619ca042225833e9c9ecd6e869", size = 589716, upload-time = "2025-02-02T10:03:23.411Z" },
    { url = "https://files.pythonhosted.org/packages/fc/69/b34e7959df2195e374c94057919ac87400744740589cc06b731e94ddd536/rust_reversi-1.4.4-cp313-cp313-musllinux_1_2_aarch64.whl", hash = "sha256:bae685063a1c42bebb08d5defa7e744f538e270da8efb73eade77bde37ce16de", size = 744510, upload-time = "2025-02-02T10:03:51.26Z" },
    { url = "https://files.pythonhosted.org/packages/41/f8/dd14a18ecdc647b827e561a94a2615ea373e344c6774af90191afe8023f1/rust_reversi-1.4.4-cp313-cp313-musllinux_1_2_armv7l.whl", hash = "sha256:532f2a14d7208d391134bcc9e29298b1cdabb6a02ff3acce386438e84ea9ef86", size = 849495, upload-time = "2025-02-02T10:04:09.847Z" },
    { url = "https://files.pythonhosted.org/packages/60/59/2d75d639cc982de0be6bea5e46f74fbaccd09f0d8c9df4589e894cc82b12/rust_reversi-1.4.4-cp313-cp313-musllinux_1_2_i686.whl", hash = "sha256:b275bd8ad1365de2f3fed8175ffd17714edd4e737a3a26e742757f303273f88f", size = 780209, upload-time = "2025-02-02T10:04:29.317Z" },
    { url = "https://files.pythonhosted.org/packages/d4/29/8896e3832e627143268074278c44bf7f0e29ca858c201670d7ae7c22e9a7/rust_reversi-1.4.4-cp313-cp313-musllinux_1_2_x86_64.whl", hash = "sha256:e9c10f0892f1cb676812a8bbcff5ec2973523ec70c5df0bc46e03ccdc5808512", size = 747305, upload-time = "2025-02-02T10:04:47.971Z" },
    { url = "https://files.pythonhosted.org/packages/a0/83/7f23b0235af481d1c66374c03b49e610d04cc9ad95cb956db5b83e1429b2/rust_reversi-1.4.4-cp313-cp313-win32.whl", hash = "sha256:fea251d521333227c925082b83ffdcef30568d56e32e32f4645fea72a9ee4417", size = 400890, upload-time = "2025-02-02T10:05:21.338Z" },
    { url = "https://files.pythonhosted.org/packages/d5/1c/31970fee27b5a4815b0ca203fc966a5960f2a3d4f0525695434e0ccfff90/rust_reversi-1.4.4-cp313-cp313-win_amd64.whl", hash = "sha256:d0942e501332c7bf115443e961a8e1c3f66a709ea96af01428e203caae08ba10", size = 424655, upload-time = "2025-02-02T10:05:08.614Z" },
    { url = "https://files.pythonhosted.org/packages/73/e2/83faf78b3c0c4131be56c9c982019e14c32cea2979a1bc58aeeb1ffe73b5/rust_reversi-1.4.4-cp313-cp313t-manylinux_2_17_aarch64.manylinux2014_aarch64.whl", hash = "sha256:035fd9add4a3c100ba52d1b4dff30dc9765b9e3ba7ba90f5a0a0774143b152c4", size = 576914, upload-time = "2025-02-02T10:01:56.004Z" },
    { url = "https://files.pythonhosted.org/packages/cd/3d/02812b3d176f3f2e4af8bc2411d7ff71413537e51e699febc9d5b3653200/rust_reversi-1.4.4-cp313-cp313t-manylinux_2_17_armv7l.manylinux2014_armv7l.whl", hash = "sha256:f2aa3fceddeeec2c47eda053fe68bb4923468617584f7bc60818eeb3476499dc", size = 600941, upload-time = "2025-02-02T10:02:17.394Z" },
    { url = "https://files.pythonhosted.org/packages/c9/f7/17d7699e2e2e6cfc07e2bb36b80cd96b4946899bb4cc7996cf3494658d9b/rust_reversi-1.4.4-cp313-cp313t-manylinux_2_17_ppc64le.manylinux2014_ppc64le.whl", hash = "sha256:06e2b255f48134d63a6dbc71c51d8c5ed0b341df67139180cefb2277d3c1bdec", size = 649519, upload-time = "2025-02-02T10:02:34.01Z" },
    { url = "https://files.pythonhosted.org/packages/5d/d2/ff67f5d36eb130ff82329f853ed6d16db802ff59cdf260d21b947cb0a817/rust_reversi-1.4.4-cp313-cp313t-manylinux_2_17_s390x.manylinux2014_s390x.whl", hash = "sha256:dc58c593bd1238a171b8375c6f024b5489c442df3c74b25e90a877b845a39125", size = 667472, upload-time = "2025-02-02T10:02:52.091Z" },
    { url = "https://files.pythonhosted.org/packages/d9/10/810b25fb090e683ea75fb65ae9dcbd0351ff2f7094df65f4aae8f89c7e98/rust_reversi-1.4.4-cp313-cp313t-musllinux_1_2_aarch64.whl", hash = "sha256:120a0162cdd5c28b8aeb1f47c72ba5e43ed492538eb9a7687b5e833e1e8e9aa0", size = 742641, upload-time = "2025-02-02T10:03:53.494Z" },
    { url = "https://files.pythonhosted.org/packages/39/4a/9ee87936a71d54d04f270c3724334361c9f2ccac56881d0d6c02961cae11/rust_reversi-1.4.4-cp313-cp313t-musllinux_1_2_armv7l.whl", hash = "sha256:50c4752e03e60daa0ea28da88b22921c4d8a74ded9ed1487b7549650a8b5950e", size = 848062, upload-time = "2025-02-02T10:04:11.705Z" },
    { url = "https://files.pythonhosted.org/packages/af/34/1eb624ae72d6eb99ab22fd77f3d63de4eceb8c904eac8d5983a671f8b584/rust_reversi-1.4.4-cp313-cp313t-musllinux_1_2_i686.whl", hash = "sha256:2a4f553c5fcce093c640fbd0e70cb8d8a7bcec73c67b2264568a8bec1e96a138", size = 778441, upload-time = "2025-02-02T10:04:31.96Z" },
    { url = "https://files.pythonhosted.org/packages/fb/c1/3610c8795cc2b78f289da4f59a95dcb7c36171833da8a732716d56fe2abf/rust_reversi-1.4.4-cp313-cp313t-musllinux_1_2_x86_64.whl", hash = "sha256:7fe1c8a3c7f36ad8676d845626911489159fcdd4c24f5706f9a6d2110286f7bc", size = 746876, upload-time = "2025-02-02T10:04:50.087Z" },
]

[[package]]
name = "six"
version = "1.17.0"
source = { registry = "https://pypi.org/simple" }
sdist = { url = "https://files.pythonhosted.org/packages/94/e7/b2c673351809dca68a0e064b6af791aa332cf192da575fd474ed7d6f16a2/six-1.17.0.tar.gz", hash = "sha256:ff70335d468e7eb6ec65b95b99d3a2836546063f63acc5171de367e834932a81", size = 34031, upload-time = "2024-12-04T17:35:28.174Z" }
wheels = [
    { url = "https://files.pythonhosted.org/packages/b7/ce/149a00dd41f10bc29e5921b496af8b574d8413afcd5e30dfa0ed46c2cc5e/six-1.17.0-py2.py3-none-any.whl", hash = "sha256:4721f391ed90541fddacab5acf947aa0d3dc7d27b2e1e8eda2be8970586c3274", size = 11050, upload-time = "2024-12-04T17:35:26.475Z" },
]

[[package]]
name = "sniffio"
version = "1.3.1"
source = { registry = "https://pypi.org/simple" }
sdist = { url = "https://files.pythonhosted.org/packages/a2/87/a6771e1546d97e7e041b6ae58d80074f81b7d5121207425c964ddf5cfdbd/sniffio-1.3.1.tar.gz", hash = "sha256:f4324edc670a0f49750a81b895f35c3adb843cca46f0530f79fc1babb23789dc", size = 20372, upload-time = "2024-02-25T23:20:04.057Z" }
wheels = [
    { url = "https://files.pythonhosted.org/packages/e9/44/75a9c9421471a6c4805dbf2356f7c181a29c1879239abab1ea2cc8f38b40/sniffio-1.3.1-py3-none-any.whl", hash = "sha256:2f6da418d1f1e0fddd844478f41680e794e6051915791a034ff65e5f100525a2", size = 10235, upload-time = "2024-02-25T23:20:01.196Z" },
]

[[package]]
name = "typing-extensions"
version = "4.15.0"
source = { registry = "https://pypi.org/simple" }
sdist = { url = "https://files.pythonhosted.org/packages/72/94/1a15dd82efb362ac84269196e94cf00f187f7ed21c242792a923cdb1c61f/typing_extensions-4.15.0.tar.gz", hash = "sha256:0cea48d173cc12fa28ecabc3b837ea3cf6f38c6d1136f85cbaaf598984861466", size = 109391, upload-time = "2025-08-25T13:49:26.313Z" }
wheels = [
    { url = "https://files.pythonhosted.org/packages/18/67/36e9267722cc04a6b9f15c7f3441c2363321a3ea07da7ae0c0707beb2a9c/typing_extensions-4.15.0-py3-none-any.whl", hash = "sha256:f0fa19c6845758ab08074a0cfa8b7aecb71c999ca73d62883bc25cc018c4e548", size = 44614, upload-time = "2025-08-25T13:49:24.86Z" },
]
