version = 1
revision = 3
requires-python = ">=3.11"

[[package]]
name = "pyside6"
version = "6.11.0"
source = { registry = "https://pypi.org/simple" }
dependencies = [
    { name = "pyside6-addons" },
    { name = "pyside6-essentials" },
    { name = "shiboken6" },
]
wheels = [
    { url = "https://files.pythonhosted.org/packages/f4/95/f3f5a2799163b6658126d78a85bc1dec9eda88c75c26780556b26071a1d8/pyside6-6.11.0-cp310-abi3-macosx_13_0_universal2.whl", hash = "sha256:1f2735dc4f2bd4ec452ae50502c8a22128bba0aced35358a2bbc58384b820c6f", size = 571544, upload-time = "2026-03-23T12:47:20.263Z" },
    { url = "https://files.pythonhosted.org/packages/da/89/9a1f521051714e6694ebbe2b979ded279845ec8e25cb309ca3960158d74f/pyside6-6.11.0-cp310-abi3-manylinux_2_34_x86_64.whl", hash = "sha256:c642e2d25704ca746fd37f56feacf25c5aecc4cd40bef23d18eec81f87d9dc00", size = 571725, upload-time = "2026-03-23T12:47:21.727Z" },
    { url = "https://files.pythonhosted.org/packages/c2/3d/f779d8bba00fcde31a7d7fb6b59347a70773c9cc8135592dea9972579877/pyside6-6.11.0-cp310-abi3-manylinux_2_39_aarch64.whl", hash = "sha256:267b344c73580ac938ca63c611881fb42a3922ebfe043e271005f4f06c372c4e", size = 571722, upload-time = "2026-03-23T12:47:22.761Z" },
    { url = "https://files.pythonhosted.org/packages/ac/98/150e01a026df3e9697310236821fa825319bb4b9d6137539cb25a3032968/pyside6-6.11.0-cp310-abi3-win_amd64.whl", hash = "sha256:9092cb002ca43c64006afb2e0d0f6f51aef17aa737c33a45e502326a081ddcbc", size = 577988, upload-time = "2026-03-23T12:47:23.795Z" },
    { url = "https://files.pythonhosted.org/packages/50/e7/55960f7c6b41d058e95cb4af02652c46c48702c506c8bbf12e99550e1fb3/pyside6-6.11.0-cp310-abi3-win_arm64.whl", hash = "sha256:b15f39acc2b8f46251a630acad0d97f9a0a0461f2baffcd66d7adfada8eb641e", size = 561372, upload-time = "2026-03-23T12:47:25.073Z" },
]

[[package]]
name = "pyside6-addons"
version = "6.11.0"
source = { registry = "https://pypi.org/simple" }
dependencies = [
    { name = "pyside6-essentials" },
    { name = "shiboken6" },
]
wheels = [
    { url = "https://files.pythonhosted.org/packages/c0/df/241f311c61a46b7b1195927da77b2537692ee3442aa9ccd87981164ff78d/pyside6_addons-6.11.0-cp310-abi3-macosx_13_0_universal2.whl", hash = "sha256:d5eaa4643302e3a0fa94c5766234bee4073d7d5ab9c2b7fd222692a176faf182", size = 331554157, upload-time = "2026-03-23T12:40:40.497Z" },
    { url = "https://files.pythonhosted.org/packages/31/b9/e81172835ccc9d8b9792cc6bf7524a252a0db9a76ddd693de230402697f9/pyside6_addons-6.11.0-cp310-abi3-manylinux_2_34_x86_64.whl", hash = "sha256:ac6fe3d4ef4497dde3efc5e896b0acd53ff6c93be4bf485f045690f919419f35", size = 174948482, upload-time = "2026-03-23T12:41:05.379Z" },
    { url = "https://files.pythonhosted.org/packages/a8/a4/426d9333782bf65ab2a20257d6b4b3af9b8d5d7a710da719865fab49d492/pyside6_addons-6.11.0-cp310-abi3-manylinux_2_39_aarch64.whl", hash = "sha256:8ffb40222456078930816ebcac2f2511716d2acbc11716dd5acc5c365179a753", size = 170430798, upload-time = "2026-03-23T12:41:38.134Z" },
    { url = "https://files.pythonhosted.org/packages/35/9a/46d271fedfabad8c6dce2ebb69bb593745487ed33753a56a47c3ba4fdb1c/pyside6_addons-6.11.0-cp310-abi3-win_amd64.whl", hash = "sha256:413e6121c24f5ffdce376298059eddecff74aa6d638e94e0f6015b33d29b889e", size = 168723088, upload-time = "2026-03-23T12:42:00.668Z" },
    { url = "https://files.pythonhosted.org/packages/16/cd/1b28264f7dc9a642da2e4e7c02f67418d0949eb7ce329ae20869703c2630/pyside6_addons-6.11.0-cp310-abi3-win_arm64.whl", hash = "sha256:aaaee83385977a0fe134b2f4fbfb92b45a880d5b656e4d90a708eef10b1b6de8", size = 35698324, upload-time = "2026-03-23T12:42:13.748Z" },
]

[[package]]
name = "pyside6-essentials"
version = "6.11.0"
source = { registry = "https://pypi.org/simple" }
dependencies = [
    { name = "shiboken6" },
]
wheels = [
    { url = "https://files.pythonhosted.org/packages/d2/00/8a8583d3429c737cc20e61a43eba8ab1ec13ddb101e99802c2ffeedf3b41/pyside6_essentials-6.11.0-cp310-abi3-macosx_13_0_universal2.whl", hash = "sha256:85d6ca87ef35fa6565d385ede72ae48420dd3f63113929d10fc800f6b0360e01", size = 108085251, upload-time = "2026-03-23T12:42:52.872Z" },
    { url = "https://files.pythonhosted.org/packages/f3/a9/07c9e5c014b871c1b19caf8f994bcd50b345559b81f81671217b49559b67/pyside6_essentials-6.11.0-cp310-abi3-manylinux_2_34_x86_64.whl", hash = "sha256:dc20e7afd5fc6fe51297db91cef997ce60844be578f7a49fc61b7ab9657a8849", size = 78316055, upload-time = "2026-03-23T12:43:04.19Z" },
    { url = "https://files.pythonhosted.org/packages/7c/35/f06b1b641d7600ec46374c16cd37c66fa4a22870326b4eb073a95471035f/pyside6_essentials-6.11.0-cp310-abi3-manylinux_2_39_aarch64.whl", hash = "sha256:4854cb0a1b061e7a576d8fb7bb7cf9f49540d558b1acb7df0742a7afefe61e4e", size = 77380821, upload-time = "2026-03-23T12:43:24.649Z" },
    { url = "https://files.pythonhosted.org/packages/ff/37/ba95c6262836d2b286b4e05a9d16a5e870995d5d2503ac6adc6312208049/pyside6_essentials-6.11.0-cp310-abi3-win_amd64.whl", hash = "sha256:3b3362882ad9389357a80504e600180006a957731fec05786fced7b038461fdf", size = 75793322, upload-time = "2026-03-23T12:43:35.575Z" },
    { url = "https://files.pythonhosted.org/packages/53/27/d17f25e45820e633a70e6109b35991eda09a5e8000c2a306f0ab7538d48c/pyside6_essentials-6.11.0-cp310-abi3-win_arm64.whl", hash = "sha256:81ca603dbf21bc39f89bb42db215c25ebe0c879a1a4c387625c321d2730ec187", size = 56337457, upload-time = "2026-03-23T12:43:43.573Z" },
]

[[package]]
name = "qasync"
version = "0.28.0"
source = { registry = "https://pypi.org/simple" }
sdist = { url = "https://files.pythonhosted.org/packages/ec/b2/5be08597dbbf331edb69478eae2f8dd511834cebf56a183b442e7437f8e0/qasync-0.28.0.tar.gz", hash = "sha256:6f7f1f18971f59cb259b107218269ba56e3ad475ec456e54714b426a6e30b71d", size = 14010, upload-time = "2025-08-28T01:31:36.785Z" }
wheels = [
    { url = "https://files.pythonhosted.org/packages/e5/84/0ce4cd946f6e958428c87d5accac35df70f81607e45ba4919947d0762d63/qasync-0.28.0-py3-none-any.whl", hash = "sha256:21faba8d047c717008378f5ac29ea58c32a8128528629e4afd57c59b768dba0f", size = 16188, upload-time = "2025-08-28T01:31:35.591Z" },
]

[[package]]
name = "reversi"
version = "0.1.0"
source = { virtual = "." }
dependencies = [
    { name = "pyside6" },
    { name = "qasync" },
    { name = "rust-reversi" },
]

[package.metadata]
requires-dist = [
    { name = "pyside6" },
    { name = "qasync" },
    { name = "rust-reversi" },
]

[[package]]
name = "rust-reversi"
version = "1.4.4"
source = { registry = "https://pypi.org/simple" }
sdist = { url = "https://files.pythonhosted.org/packages/63/d8/b48ee8740c1d6776905d494b63613e1833a39654907707f8cea7b581d176/rust_reversi-1.4.4.tar.gz", hash = "sha256:44c1c8e0f825bf4dbb861feb092b8b4ae0c75e72d8e475f2a5fa43473420604c", size = 45016, upload-time = "2025-02-02T10:05:00.216Z" }
wheels = [
    { url = "https://files.pythonhosted.org/packages/14/f3/a09782eef9695df2b9b6e7ce57103dd45dc6f392c9959774c61fdc5c3a77/rust_reversi-1.4.4-cp311-cp311-macosx_10_12_x86_64.whl", hash = "sha256:58db47559aee4872e9ef29506e9ae35f9f366e328cf2fad2cedc23596d155837", size = 549831, upload-time = "2025-02-02T10:03:37.581Z" },
    { url = "https://files.pythonhosted.org/packages/5b/a0/78eee7fd895e045683b0b5ef3fa9eb65143602016396a3de4dc8aadfa933/rust_reversi-1.4.4-cp311-cp311-macosx_11_0_arm64.whl", hash = "sha256:22d65c6c61a4ce5d934dc8d605f1d83f334985a9725575b74eb8335409c9a803", size = 527507, upload-time = "2025-02-02T10:03:30.882Z" },
    { url = "https://files.pythonhosted.org/packages/ee/5a/bacdda5829e10ca6060f1e9330fddda6374f78739e27f10b04b9cf64bc27/rust_reversi-1.4.4-cp311-cp311-manylinux_2_17_aarch64.manylinux2014_aarch64.whl", hash = "sha256:6dfec6371ab0b3c4f9757eb38a50dc190cb9fab6ce89e4446570ab5aec2db0fc", size = 578926, upload-time = "2025-02-02T10:01:49.415Z" },
    { url = "https://files.pythonhosted.org/packages/19/2e/bf5621a19e1e29f76e2357b4d12ba37b19421a959888e8e28afab9b913ad/rust_reversi-1.4.4-cp311-cp311-manylinux_2_17_armv7l.manylinux2014_armv7l.whl", hash = "sha256:a39e3c42060139a23b0ffbe843431490644f25344fd762bcdc0b973ea5104fb5", size = 602438, upload-time = "2025-02-02T10:02:09.904Z" },
    { url = "https://files.pythonhosted.org/packages/49/70/16ba5b2f24f32d6a71a76368afdb263b9e3d98c367c25b6e96cd21db5ffc/rust_reversi-1.4.4-cp311-cp311-manylinux_2_17_i686.manylinux2014_i686.whl", hash = "sha256:0d5407b2c6993fb262107d7d74080366d7abadc891c02f95e75d63e10a004999", size = 634250, upload-time = "2025-02-02T10:03:05.389Z" },
    { url = "https://files.pythonhosted.org/packages/bc/af/1f44ae3809666ce355ea03ce1db4b806a36c53fbce147fde9e8d48285fbb/rust_reversi-1.4.4-cp311-cp311-manylinux_2_17_ppc64le.manylinux2014_ppc64le.whl", hash = "sha256:9b8d04db659f1e540ee30b64f61ea08194bd295ab580abe4aba736119967ef73", size = 652213, upload-time = "2025-02-02T10:02:28.192Z" },
    { url = "https://files.pythonhosted.org/packages/94/d1/37b784175bd5d1fec1b33e1b491febbb00bdd19af34fe470e835a6e4af68/rust_reversi-1.4.4-cp311-cp311-manylinux_2_17_s390x.manylinux2014_s390x.whl", hash = "sha256:f9c4e5b6acc384f8478825fd14f26fd2a8bf1494a74811e5eade34bbfed04ea3", size = 668417, upload-time = "2025-02-02T10:02:45.359Z" },
    { url = "https://files.pythonhosted.org/packages/af/d7/0747972ef251ca7e0d8d61b6c5c39b00de4c1b9feb6c46c911a2a09735c6/rust_reversi-1.4.4-cp311-cp311-manylinux_2_17_x86_64.manylinux2014_x86_64.whl", hash = "sha256:3817849e870988c6ce4202a11e3ed32e244e3299681bb14884ecf63171de3df4", size = 590563, upload-time = "2025-02-02T10:03:19.832Z" },
    { url = "https://files.pythonhosted.org/packages/d7/c9/6904b1e221ef8900b22cb6ae70614c47b6c2171e410199b658695e12f1c9/rust_reversi-1.4.4-cp311-cp311-musllinux_1_2_aarch64.whl", hash = "sha256:77c3c3ca62190d01a4230e079637a49a3264885506d1fd6ee0629bb760d489f3", size = 745150, upload-time = "2025-02-02T10:03:46.086Z" },
    { url = "https://files.pythonhosted.org/packages/f8/1e/80f69421dd37ae621fd2157351205b49a7cfd8b93e5f1e3d729deb978e7c/rust_reversi-1.4.4-cp311-cp311-musllinux_1_2_armv7l.whl", hash = "sha256:9eb7686f9429f2e99a0f08160d6ce61a29a05f8cc8129352966f3ffc34ec569c", size = 850238, upload-time = "2025-02-02T10:04:05.596Z" },
    { url = "https://files.pythonhosted.org/packages/bc/68/a9c7ea284668ba55eca2a94e55ce4fdf85710cb0f7d71c22203be8d627e5/rust_reversi-1.4.4-cp311-cp311-musllinux_1_2_i686.whl", hash = "sha256:4cb967bcdd6c7d1eefc608ea7d749dff4fdac7fab36f9376eb82f3338a8d2749", size = 782457, upload-time = "2025-02-02T10:04:24.947Z" },
    { url = "https://files.pythonhosted.org/packages/4a/7c/66f992525bf0fbe0bfd128fb3f7e41d388439d0de3c80fe0902fd733fe74/rust_reversi-1.4.4-cp311-cp311-musllinux_1_2_x86_64.whl", hash = "sha256:bfa8162953a44000388e42d151c480cbb2f5cb0ab547ae825f2c1e0e0d0b3881", size = 748055, upload-time = "2025-02-02T10:04:43.664Z" },
    { url = "https://files.pythonhosted.org/packages/39/f0/ea8a24f8678aae93fa94789cba63df944932f4e0679aed7ceef6c44e4e49/rust_reversi-1.4.4-cp311-cp311-win32.whl", hash = "sha256:8d6f87a895ab8b2df029a235fe4bc91b7fb7e35190ac7f5bf3adc849aaa3fb94", size = 401531, upload-time = "2025-02-02T10:05:17.173Z" },
    { url = "https://files.pythonhosted.org/packages/f1/16/63a4aff0a53e8ac524466a0c3bf4facd820f1fe76655cec7340647d6159f/rust_reversi-1.4.4-cp311-cp311-win_amd64.whl", hash = "sha256:07d550d77a0a6fd9a35bfd055a1f41642c8c974e0cd41f380c121550984d2e67", size = 424864, upload-time = "2025-02-02T10:05:04.029Z" },
    { url = "https://files.pythonhosted.org/packages/2e/cf/b46e310c5cfde09c7ac3bfd96a52da13d35d82a89bfb89f7ede32e86f211/rust_reversi-1.4.4-cp312-cp312-macosx_10_12_x86_64.whl", hash = "sha256:3ddc2bab28a8ecb6534b9c1534e299467c69721489e6e6524b03ffaf62a3e9bb", size = 544774, upload-time = "2025-02-02T10:03:39.124Z" },
    { url = "https://files.pythonhosted.org/packages/6f/d3/f4e9dfd5d45b8b4549914fd3a18ffbca5bc2950a1cc52b59ed12eaced9cf/rust_reversi-1.4.4-cp312-cp312-macosx_11_0_arm64.whl", hash = "sha256:4434aae7f213ad5f855835bab299cb27ba10531548e121ffdb34518dfb2cebc5", size = 525623, upload-time = "2025-02-02T10:03:33.118Z" },
    { url = "https://files.pythonhosted.org/packages/b7/56/7b4ca63e357a769821779a4b2360f8053431f8f7ec4098f91f2b5348d6be/rust_reversi-1.4.4-cp312-cp312-manylinux_2_17_aarch64.manylinux2014_aarch64.whl", hash = "sha256:95025bc85e140a988f1b4b02994c2e3c7d79b27c73c258547c93883db9b3760b", size = 578284, upload-time = "2025-02-02T10:01:51.353Z" },
    { url = "https://files.pythonhosted.org/packages/26/0a/133760c513727ea044070a19c4f93ae08033795ca20f24b4fecfb2edd2ac/rust_reversi-1.4.4-cp312-cp312-manylinux_2_17_armv7l.manylinux2014_armv7l.whl", hash = "sha256:fb21e9ae6a7bee2d9129dd261d1429f64e8e3903b3b8d203c53c1369adbd30eb", size = 603715, upload-time = "2025-02-02T10:02:12.224Z" },
    { url = "https://files.pythonhosted.org/packages/8b/12/00f04146ac7c703b6f636eaf6b8f43d4a39619453cc040fc1404b72bf361/rust_reversi-1.4.4-cp312-cp312-manylinux_2_17_i686.manylinux2014_i686.whl", hash = "sha256:ffabfd85869e5090eacbff66ccd729291e778cc3b783a7624564dd592ad4a77e", size = 633324, upload-time = "2025-02-02T10:03:07.281Z" },
    { url = "https://files.pythonhosted.org/packages/f7/eb/fab32ad5044fe66bc3272b9a0bbc13fef88719895c55002a169499dfea69/rust_reversi-1.4.4-cp312-cp312-manylinux_2_17_ppc64le.manylinux2014_ppc64le.whl", hash = "sha256:7dfbe06fd6bf2cfce26ce3cfdb38f9d9b83aee13a0ca7dd96bf6cfc8b6f511cc", size = 650641, upload-time = "2025-02-02T10:02:29.76Z" },
    { url = "https://files.pythonhosted.org/packages/c4/c4/ac06b7763d063acb9c3b97ac8a5a4c9a9670a15d4d553230f45b63f51f78/rust_reversi-1.4.4-cp312-cp312-manylinux_2_17_s390x.manylinux2014_s390x.whl", hash = "sha256:06752fa5c99881824e227e204372b53aa5c8a23bc8725e4a0587f8b0018d70ca", size = 666023, upload-time = "2025-02-02T10:02:47.931Z" },
    { url = "https://files.pythonhosted.org/packages/59/24/01f2211b7ee172cca7eebf9af77efab1a769d013c7c287a16cf57831c0b5/rust_reversi-1.4.4-cp312-cp312-manylinux_2_17_x86_64.manylinux2014_x86_64.whl", hash = "sha256:e6cdf398a22caeb89fa0096a6f7c0dfb1a43cfd63e441d55c6d142500cb167a3", size = 590028, upload-time = "2025-02-02T10:03:21.686Z" },
    { url = "https://files.pythonhosted.org/packages/78/4a/001d64c5cd7dbcd846206aeccc7a27a20f6c5993b6e92b5044a07544b5f7/rust_reversi-1.4.4-cp312-cp312-musllinux_1_2_aarch64.whl", hash = "sha256:126adaed9f23744cf811e866d9742ae315a393bd2033661fa6251b0b52c5a668", size = 744773, upload-time = "2025-02-02T10:03:48.378Z" },
    { url = "https://files.pythonhosted.org/packages/be/61/3ead441b22ffa8b0d52a1c23f9bbb05de5089a906aa3bc21d2e1cc8e5b56/rust_reversi-1.4.4-cp312-cp312-musllinux_1_2_armv7l.whl", hash = "sha256:d11a6d4dcde8050c1fc9acb64817c922e3c66a2132868cc0ef0562b8e6d4ca22", size = 850456, upload-time = "2025-02-02T10:04:07.364Z" },
    { url = "https://files.pythonhosted.org/packages/27/b0/2ad2c70699e5e005c2ca174605dedc2c159da0a77f6f3a3f8df6e546733d/rust_reversi-1.4.4-cp312-cp312-musllinux_1_2_i686.whl", hash = "sha256:fbfac6e275b28b34858bece19f8275ffbd15d7a87e3ed3c3ef22fa4e0cc350ef", size = 780819, upload-time = "2025-02-02T10:04:26.789Z" },
    { url = "https://files.pythonhosted.org/packages/96/0c/7042dc2ced5f75cfd1d37454c3d3d7ce01470e0a1450d7cf029d10a1a204/rust_reversi-1.4.4-cp312-cp312-musllinux_1_2_x86_64.whl", hash = "sha256:793990c6ab0ecf13e7f667889f321fc42d5c4ba8cb897e7aea468023163a5722", size = 747592, upload-time = "2025-02-02T10:04:46.049Z" },
    { url = "https://files.pythonhosted.org/packages/b4/06/ec91f9f0b5cd72f5fe2340cc40376db15c1f9219f1843300ac162f480890/rust_reversi-1.4.4-cp312-cp312-win32.whl", hash = "sha256:4468d19088ee01f67e5e216318608500859128ed2c3bb4e74d188b36a6c27cd1", size = 401246, upload-time = "2025-02-02T10:05:19.587Z" },
    { url = "https://files.pythonhosted.org/packages/dd/7a/a1317659d39c9f9417927a58dfbbfcd7cd76de54426c8e1c59079f843eef/rust_reversi-1.4.4-cp312-cp312-win_amd64.whl", hash = "sha256:d647febfa08728edb3a0aa66af1c58e1af8cc32969411fe374d187769cf3d32a", size = 424559, upload-time = "2025-02-02T10:05:05.876Z" },
    { url = "https://files.pythonhosted.org/packages/66/14/581974f9a183b096b71f5808ab9165ca4469e5e53c8d55ba9c89178d60a0/rust_reversi-1.4.4-cp313-cp313-macosx_10_12_x86_64.whl", hash = "sha256:c3ee6ddede36072dd72615c496b049ade2efed973d31b335e4294693c53202b4", size = 544987, upload-time = "2025-02-02T10:03:41.111Z" },
    { url = "https://files.pythonhosted.org/packages/12/a3/26ac8fb22adba0fde96de250f8c18a9b178a72f2e435bbfe724d5278a0d2/rust_reversi-1.4.4-cp313-cp313-macosx_11_0_arm64.whl", hash = "sha256:3f3c293f3dd5fed4a84c382de79178bde92831e3350ed3650e6e0550d2283cd1", size = 525537, upload-time = "2025-02-02T10:03:35.506Z" },
    { url = "https://files.pythonhosted.org/packages/c2/56/9efbf2075dc27678cdc256e169d6c7e2c26b54cfd8869bac2a937924061c/rust_reversi-1.4.4-cp313-cp313-manylinux_2_17_aarch64.manylinux2014_aarch64.whl", hash = "sha256:88af4525fd2a2a881812733a511b7564897222760af7de27b188569decb98991", size = 578419, upload-time = "2025-02-02T10:01:53.581Z" },
    { url = "https://files.pythonhosted.org/packages/c6/e3/8e54b6817d56658b0bc0f83fcb6449f2de7b85b4e57d46f4ad477011250e/rust_reversi-1.4.4-cp313-cp313-manylinux_2_17_armv7l.manylinux2014_armv7l.whl", hash = "sha256:0606f3a882d82198ee80a9c30bc7a024bc270802ca94c7f846dbef7bced69293", size = 602722, upload-time = "2025-02-02T10:02:14.848Z" },
    { url = "https://files.pythonhosted.org/packages/3e/23/35e9ca5accf6550d736b2e17be3c893fff96c02adf97f5f97ffdbae50521/rust_reversi-1.4.4-cp313-cp313-manylinux_2_17_i686.manylinux2014_i686.whl", hash = "sha256:e5b500c3f0bf120da65be55751d690125201ab1b7a0f2905299c3a007e2d8043", size = 632411, upload-time = "2025-02-02T10:03:09.188Z" },
    { url = "https://files.pythonhosted.org/packages/ff/b7/d4d40fa11b9c429a7e3d51440271959d0ae796f4b5e24234139e369e39b8/rust_reversi-1.4.4-cp313-cp313-manylinux_2_17_ppc64le.manylinux2014_ppc64le.whl", hash = "sha256:9348f9bd9a767e4472357752b7c032106f61456d20be5e550be880898ab34d4e", size = 650777, upload-time = "2025-02-02T10:02:31.459Z" },
    { url = "https://files.pythonhosted.org/packages/70/b4/6374c508695b8b882fb4666d8526fbdaa5219497f8b9f49ba1380d4be0bd/rust_reversi-1.4.4-cp313-cp313-manylinux_2_17_s390x.manylinux2014_s390x.whl", hash = "sha256:f77c66b3a98b18f7b41772adbac21e3e9cdce24f2373e09e1b5b37f8bc4bc2c1", size = 665566, upload-time = "2025-02-02T10:02:50.49Z" },
    { url = "https://files.pythonhosted.org/packages/42/92/6b2c47732745e8c29fcb2cd79c5d8990e02fcbf6383da4f4984f76ac88b6/rust_reversi-1.4.4-cp313-cp313-manylinux_2_17_x86_64.manylinux2014_x86_64.whl", hash = "sha256:f6fa7845835dd6e5d97258448a03cf0cc7a5a1619ca042225833e9c9ecd6e869", size = 589716, upload-time = "2025-02-02T10:03:23.411Z" },
    { url = "https://files.pythonhosted.org/packages/fc/69/b34e7959df2195e374c94057919ac87400744740589cc06b731e94ddd536/rust_reversi-1.4.4-cp313-cp313-musllinux_1_2_aarch64.whl", hash = "sha256:bae685063a1c42bebb08d5defa7e744f538e270da8efb73eade77bde37ce16de", size = 744510, upload-time = "2025-02-02T10:03:51.26Z" },
    { url = "https://files.pythonhosted.org/packages/41/f8/dd14a18ecdc647b827e561a94a2615ea373e344c6774af90191afe8023f1/rust_reversi-1.4.4-cp313-cp313-musllinux_1_2_armv7l.whl", hash = "sha256:532f2a14d7208d391134bcc9e29298b1cdabb6a02ff3acce386438e84ea9ef86", size = 849495, upload-time = "2025-02-02T10:04:09.847Z" },
    { url = "https://files.pythonhosted.org/packages/60/59/2d75d639cc982de0be6bea5e46f74fbaccd09f0d8c9df4589e894cc82b12/rust_reversi-1.4.4-cp313-cp313-musllinux_1_2_i686.whl", hash = "sha256:b275bd8ad1365de2f3fed8175ffd17714edd4e737a3a26e742757f303273f88f", size = 780209, upload-time = "2025-02-02T10:04:29.317Z" },
    { url = "https://files.pythonhosted.org/packages/d4/29/8896e3832e627143268074278c44bf7f0e29ca858c201670d7ae7c22e9a7/rust_reversi-1.4.4-cp313-cp313-musllinux_1_2_x86_64.whl", hash = "sha256:e9c10f0892f1cb676812a8bbcff5ec2973523ec70c5df0bc46e03ccdc5808512", size = 747305, upload-time = "2025-02-02T10:04:47.971Z" },
    { url = "https://files.pythonhosted.org/packages/a0/83/7f23b0235af481d1c66374c03b49e610d04cc9ad95cb956db5b83e1429b2/rust_reversi-1.4.4-cp313-cp313-win32.whl", hash = "sha256:fea251d521333227c925082b83ffdcef30568d56e32e32f4645fea72a9ee4417", size = 400890, upload-time = "2025-02-02T10:05:21.338Z" },
    { url = "https://files.pythonhosted.org/packages/d5/1c/31970fee27b5a4815b0ca203fc966a5960f2a3d4f0525695434e0ccfff90/rust_reversi-1.4.4-cp313-cp313-win_amd64.whl", hash = "sha256:d0942e501332c7bf115443e961a8e1c3f66a709ea96af01428e203caae08ba10", size = 424655, upload-time = "2025-02-02T10:05:08.614Z" },
    { url = "https://files.pythonhosted.org/packages/73/e2/83faf78b3c0c4131be56c9c982019e14c32cea2979a1bc58aeeb1ffe73b5/rust_reversi-1.4.4-cp313-cp313t-manylinux_2_17_aarch64.manylinux2014_aarch64.whl", hash = "sha256:035fd9add4a3c100ba52d1b4dff30dc9765b9e3ba7ba90f5a0a0774143b152c4", size = 576914, upload-time = "2025-02-02T10:01:56.004Z" },
    { url = "https://files.pythonhosted.org/packages/cd/3d/02812b3d176f3f2e4af8bc2411d7ff71413537e51e699febc9d5b3653200/rust_reversi-1.4.4-cp313-cp313t-manylinux_2_17_armv7l.manylinux2014_armv7l.whl", hash = "sha256:f2aa3fceddeeec2c47eda053fe68bb4923468617584f7bc60818eeb3476499dc", size = 600941, upload-time = "2025-02-02T10:02:17.394Z" },
    { url = "https://files.pythonhosted.org/packages/c9/f7/17d7699e2e2e6cfc07e2bb36b80cd96b4946899bb4cc7996cf3494658d9b/rust_reversi-1.4.4-cp313-cp313t-manylinux_2_17_ppc64le.manylinux2014_ppc64le.whl", hash = "sha256:06e2b255f48134d63a6dbc71c51d8c5ed0b341df67139180cefb2277d3c1bdec", size = 649519, upload-time = "2025-02-02T10:02:34.01Z" },
    { url = "https://files.pythonhosted.org/packages/5d/d2/ff67f5d36eb130ff82329f853ed6d16db802ff59cdf260d21b947cb0a817/rust_reversi-1.4.4-cp313-cp313t-manylinux_2_17_s390x.manylinux2014_s390x.whl", hash = "sha256:dc58c593bd1238a171b8375c6f024b5489c442df3c74b25e90a877b845a39125", size = 667472, upload-time = "2025-02-02T10:02:52.091Z" },
    { url = "https://files.pythonhosted.org/packages/d9/10/810b25fb090e683ea75fb65ae9dcbd0351ff2f7094df65f4aae8f89c7e98/rust_reversi-1.4.4-cp313-cp313t-musllinux_1_2_aarch64.whl", hash = "sha256:120a0162cdd5c28b8aeb1f47c72ba5e43ed492538eb9a7687b5e833e1e8e9aa0", size = 742641, upload-time = "2025-02-02T10:03:53.494Z" },
    { url = "https://files.pythonhosted.org/packages/39/4a/9ee87936a71d54d04f270c3724334361c9f2ccac56881d0d6c02961cae11/rust_reversi-1.4.4-cp313-cp313t-musllinux_1_2_armv7l.whl", hash = "sha256:50c4752e03e60daa0ea28da88b22921c4d8a74ded9ed1487b7549650a8b5950e", size = 848062, upload-time = "2025-02-02T10:04:11.705Z" },
    { url = "https://files.pythonhosted.org/packages/af/34/1eb624ae72d6eb99ab22fd77f3d63de4eceb8c904eac8d5983a671f8b584/rust_reversi-1.4.4-cp313-cp313t-musllinux_1_2_i686.whl", hash = "sha256:2a4f553c5fcce093c640fbd0e70cb8d8a7bcec73c67b2264568a8bec1e96a138", size = 778441, upload-time = "2025-02-02T10:04:31.96Z" },
    { url = "https://files.pythonhosted.org/packages/fb/c1/3610c8795cc2b78f289da4f59a95dcb7c36171833da8a732716d56fe2abf/rust_reversi-1.4.4-cp313-cp313t-musllinux_1_2_x86_64.whl", hash = "sha256:7fe1c8a3c7f36ad8676d845626911489159fcdd4c24f5706f9a6d2110286f7bc", size = 746876, upload-time = "2025-02-02T10:04:50.087Z" },
]

[[package]]
name = "shiboken6"
version = "6.11.0"
source = { registry = "https://pypi.org/simple" }
wheels = [
    { url = "https://files.pythonhosted.org/packages/82/1d/b56b7b694fbc871496435488d1f41c5068de546334850d722756511cef65/shiboken6-6.11.0-cp310-abi3-macosx_13_0_universal2.whl", hash = "sha256:d88e8a1eb705f2b9ad21db08a61ae1dc0c773e5cd86a069de0754c4cf1f9b43b", size = 476085, upload-time = "2026-03-23T12:47:05.724Z" },
    { url = "https://files.pythonhosted.org/packages/65/cb/4bb0c76011166230daa7c0074aeb3fdb3935c83ac1fef3789b85fcd1a8fc/shiboken6-6.11.0-cp310-abi3-manylinux_2_34_x86_64.whl", hash = "sha256:ad54e64f8192ddbdff0c54ac82b89edcd62ed623f502ea21c960541d19514053", size = 271055, upload-time = "2026-03-23T12:47:07.349Z" },
    { url = "https://files.pythonhosted.org/packages/f5/96/771a6e2b530f725303d16d78a321fa4876b98b4f3615c9851880df8c1a43/shiboken6-6.11.0-cp310-abi3-manylinux_2_39_aarch64.whl", hash = "sha256:a10dc7718104ea2dc15d5b0b96909b77162ce1c76fcc6968e6df692b947a00e9", size = 267456, upload-time = "2026-03-23T12:47:08.689Z" },
    { url = "https://files.pythonhosted.org/packages/72/f7/44c0c42c3f5f29dec457fd46ea0552174bcb8aa75becf03bbd90308ba07b/shiboken6-6.11.0-cp310-abi3-win_amd64.whl", hash = "sha256:483ff78a73c7b3189ca924abc694318084f078bcfeaffa68e32024ff2d025ee1", size = 1222132, upload-time = "2026-03-23T12:47:10.143Z" },
    { url = "https://files.pythonhosted.org/packages/fb/99/6e5ee21db2d6af84bbbd7d871d441dafeb069c6de5667b1aa49891a77c66/shiboken6-6.11.0-cp310-abi3-win_arm64.whl", hash = "sha256:3bd76cf56105ab2d62ecaff630366f11264f69b88d488f10f048da9a065781f4", size = 1783186, upload-time = "2026-03-23T12:47:11.832Z" },
]
